
Microsoft Visual Studio Solution File, Format Version 12.00
# Visual Studio Version 17
VisualStudioVersion = 17.0.32002.185
MinimumVisualStudioVersion = 10.0.40219.1
Project("{FAE04EC0-301F-11D3-BF4B-00C04F79EFBC}") = "AgenciaViajamar", "AgenciaViajamar\AgenciaViajamar.csproj", "{2C7E0803-7C4B-4C58-BF4D-46BF84AD3B95}"
EndProject
Global
	GlobalSection(SolutionConfigurationPlatforms) = preSolution
		Debug|Any CPU = Debug|Any CPU
		Release|Any CPU = Release|Any CPU
	EndGlobalSection
	GlobalSection(ProjectConfigurationPlatforms) = postSolution
		{2C7E0803-7C4B-4C58-BF4D-46BF84AD3B95}.Debug|Any CPU.ActiveCfg = Debug|Any CPU
		{2C7E0803-7C4B-4C58-BF4D-46BF84AD3B95}.Debug|Any CPU.Build.0 = Debug|Any CPU
		{2C7E0803-7C4B-4C58-BF4D-46BF84AD3B95}.Release|Any CPU.ActiveCfg = Release|Any CPU
		{2C7E0803-7C4B-4C58-BF4D-46BF84AD3B95}.Release|Any CPU.Build.0 = Release|Any CPU
	EndGlobalSection
	GlobalSection(SolutionProperties) = preSolution
		HideSolutionNode = FALSE
	EndGlobalSection
	GlobalSection(ExtensibilityGlobals) = postSolution
		SolutionGuid = {C459CEB1-1AEA-46E7-B20D-4E47D5392370}
	EndGlobalSection
EndGlobal
